dependencies:
  idf:
    component_hash: null
    source:
      type: idf
    version: 5.2.2
  protocol_examples_common:
    component_hash: null
    source:
      path: C:\Users\Stan\esp\v5.2.2\esp-idf\examples\common_components\protocol_examples_common
      type: local
    version: '*'
manifest_hash: 26f3d5be5ef2175405e951259ae113e7f48560d452ddf58a5bc53c52157a051c
target: esp32c6
version: 1.0.0
